// !$*UTF8*$!
{
	archiveVersion = 1;
	classes = {
	};
	objectVersion = 51;
	objects = {

/* Begin PBXBuildFile section */
		A706280626F85F080014F962 /* ConcentricOnboardingExampleApp.swift in Sources */ = {isa = PBXBuildFile; fileRef = A706280526F85F080014F962 /* ConcentricOnboardingExampleApp.swift */; };
		A706280826F85F080014F962 /* ContentView.swift in Sources */ = {isa = PBXBuildFile; fileRef = A706280726F85F080014F962 /* ContentView.swift */; };
		A706280A26F85F090014F962 /* Assets.xcassets in Resources */ = {isa = PBXBuildFile; fileRef = A706280926F85F090014F962 /* Assets.xcassets */; };
		A706280D26F85F090014F962 /* Preview Assets.xcassets in Resources */ = {isa = PBXBuildFile; fileRef = A706280C26F85F090014F962 /* Preview Assets.xcassets */; };
		A706281526F85FE60014F962 /* PageView.swift in Sources */ = {isa = PBXBuildFile; fileRef = A706281426F85FE60014F962 /* PageView.swift */; };
		A706281726F860360014F962 /* MockData.swift in Sources */ = {isa = PBXBuildFile; fileRef = A706281626F860360014F962 /* MockData.swift */; };
		C01BD33299F0C1E60CDAE3FA /* Pods_ConcentricOnboardingExample.framework in Frameworks */ = {isa = PBXBuildFile; fileRef = A1889C2679C3EEEC37D280D1 /* Pods_ConcentricOnboardingExample.framework */; };
/* End PBXBuildFile section */

/* Begin PBXFileReference section */
		23A20BC336EBE9FDB1410908 /* Pods-ConcentricOnboardingExample.debug.xcconfig */ = {isa = PBXFileReference; includeInIndex = 1; lastKnownFileType = text.xcconfig; name = "Pods-ConcentricOnboardingExample.debug.xcconfig"; path = "Target Support Files/Pods-ConcentricOnboardingExample/Pods-ConcentricOnboardingExample.debug.xcconfig"; sourceTree = "<group>"; };
		421A63677FBF2DFAE8DF99B5 /* Pods-ConcentricOnboardingExample.release.xcconfig */ = {isa = PBXFileReference; includeInIndex = 1; lastKnownFileType = text.xcconfig; name = "Pods-ConcentricOnboardingExample.release.xcconfig"; path = "Target Support Files/Pods-ConcentricOnboardingExample/Pods-ConcentricOnboardingExample.release.xcconfig"; sourceTree = "<group>"; };
		A1889C2679C3EEEC37D280D1 /* Pods_ConcentricOnboardingExample.framework */ = {isa = PBXFileReference; explicitFileType = wrapper.framework; includeInIndex = 0; path = Pods_ConcentricOnboardingExample.framework; sourceTree = BUILT_PRODUCTS_DIR; };
		A706280226F85F080014F962 /* ConcentricOnboardingExample.app */ = {isa = PBXFileReference; explicitFileType = wrapper.application; includeInIndex = 0; path = ConcentricOnboardingExample.app; sourceTree = BUILT_PRODUCTS_DIR; };
		A706280526F85F080014F962 /* ConcentricOnboardingExampleApp.swift */ = {isa = PBXFileReference; lastKnownFileType = sourcecode.swift; path = ConcentricOnboardingExampleApp.swift; sourceTree = "<group>"; };
		A706280726F85F080014F962 /* ContentView.swift */ = {isa = PBXFileReference; lastKnownFileType = sourcecode.swift; path = ContentView.swift; sourceTree = "<group>"; };
		A706280926F85F090014F962 /* Assets.xcassets */ = {isa = PBXFileReference; lastKnownFileType = folder.assetcatalog; path = Assets.xcassets; sourceTree = "<group>"; };
		A706280C26F85F090014F962 /* Preview Assets.xcassets */ = {isa = PBXFileReference; lastKnownFileType = folder.assetcatalog; path = "Preview Assets.xcassets"; sourceTree = "<group>"; };
		A706280E26F85F090014F962 /* Info.plist */ = {isa = PBXFileReference; lastKnownFileType = text.plist.xml; path = Info.plist; sourceTree = "<group>"; };
		A706281426F85FE60014F962 /* PageView.swift */ = {isa = PBXFileReference; lastKnownFileType = sourcecode.swift; path = PageView.swift; sourceTree = "<group>"; };
		A706281626F860360014F962 /* MockData.swift */ = {isa = PBXFileReference; lastKnownFileType = sourcecode.swift; path = MockData.swift; sourceTree = "<group>"; };
/* End PBXFileReference section */

/* Begin PBXFrameworksBuildPhase section */
		A70627FF26F85F080014F962 /* Frameworks */ = {
			isa = PBXFrameworksBuildPhase;
			buildActionMask = 2147483647;
			files = (
				C01BD33299F0C1E60CDAE3FA /* Pods_ConcentricOnboardingExample.framework in Frameworks */,
			);
			runOnlyForDeploymentPostprocessing = 0;
		};
/* End PBXFrameworksBuildPhase section */

/* Begin PBXGroup section */
		09EA9E244C9D3CBCC6F21DCE /* Frameworks */ = {
			isa = PBXGroup;
			children = (
				A1889C2679C3EEEC37D280D1 /* Pods_ConcentricOnboardingExample.framework */,
			);
			name = Frameworks;
			sourceTree = "<group>";
		};
		A70627F926F85F080014F962 = {
			isa = PBXGroup;
			children = (
				A706280426F85F080014F962 /* ConcentricOnboardingExample */,
				A706280326F85F080014F962 /* Products */,
				DA8D84155AAD959887155305 /* Pods */,
				09EA9E244C9D3CBCC6F21DCE /* Frameworks */,
			);
			sourceTree = "<group>";
			usesTabs = 0;
		};
		A706280326F85F080014F962 /* Products */ = {
			isa = PBXGroup;
			children = (
				A706280226F85F080014F962 /* ConcentricOnboardingExample.app */,
			);
			name = Products;
			sourceTree = "<group>";
		};
		A706280426F85F080014F962 /* ConcentricOnboardingExample */ = {
			isa = PBXGroup;
			children = (
				A706280526F85F080014F962 /* ConcentricOnboardingExampleApp.swift */,
				A706280726F85F080014F962 /* ContentView.swift */,
				A706281426F85FE60014F962 /* PageView.swift */,
				A706281626F860360014F962 /* MockData.swift */,
				A706280926F85F090014F962 /* Assets.xcassets */,
				A706280E26F85F090014F962 /* Info.plist */,
				A706280B26F85F090014F962 /* Preview Content */,
			);
			path = ConcentricOnboardingExample;
			sourceTree = "<group>";
		};
		A706280B26F85F090014F962 /* Preview Content */ = {
			isa = PBXGroup;
			children = (
				A706280C26F85F090014F962 /* Preview Assets.xcassets */,
			);
			path = "Preview Content";
			sourceTree = "<group>";
		};
		DA8D84155AAD959887155305 /* Pods */ = {
			isa = PBXGroup;
			children = (
				23A20BC336EBE9FDB1410908 /* Pods-ConcentricOnboardingExample.debug.xcconfig */,
				421A63677FBF2DFAE8DF99B5 /* Pods-ConcentricOnboardingExample.release.xcconfig */,
			);
			path = Pods;
			sourceTree = "<group>";
		};
/* End PBXGroup section */

/* Begin PBXNativeTarget section */
		A706280126F85F080014F962 /* ConcentricOnboardingExample */ = {
			isa = PBXNativeTarget;
			buildConfigurationList = A706281126F85F090014F962 /* Build configuration list for PBXNativeTarget "ConcentricOnboardingExample" */;
			buildPhases = (
				4B776D27690B6CA8E54A84D1 /* [CP] Check Pods Manifest.lock */,
				A70627FE26F85F080014F962 /* Sources */,
				A70627FF26F85F080014F962 /* Frameworks */,
				A706280026F85F080014F962 /* Resources */,
				9A3C71D92C5921142552570F /* [CP] Embed Pods Frameworks */,
			);
			buildRules = (
			);
			dependencies = (
			);
			name = ConcentricOnboardingExample;
			productName = ConcentricOnboardingExample;
			productReference = A706280226F85F080014F962 /* ConcentricOnboardingExample.app */;
			productType = "com.apple.product-type.application";
		};
/* End PBXNativeTarget section */

/* Begin PBXProject section */
		A70627FA26F85F080014F962 /* Project object */ = {
			isa = PBXProject;
			attributes = {
				LastSwiftUpdateCheck = 1250;
				LastUpgradeCheck = 1250;
				TargetAttributes = {
					A706280126F85F080014F962 = {
						CreatedOnToolsVersion = 12.5;
					};
				};
			};
			buildConfigurationList = A70627FD26F85F080014F962 /* Build configuration list for PBXProject "ConcentricOnboardingExample" */;
			compatibilityVersion = "Xcode 9.3";
			developmentRegion = en;
			hasScannedForEncodings = 0;
			knownRegions = (
				en,
				Base,
			);
			mainGroup = A70627F926F85F080014F962;
			productRefGroup = A706280326F85F080014F962 /* Products */;
			projectDirPath = "";
			projectRoot = "";
			targets = (
				A706280126F85F080014F962 /* ConcentricOnboardingExample */,
			);
		};
/* End PBXProject section */

/* Begin PBXResourcesBuildPhase section */
		A706280026F85F080014F962 /* Resources */ = {
			isa = PBXResourcesBuildPhase;
			buildActionMask = 2147483647;
			files = (
				A706280D26F85F090014F962 /* Preview Assets.xcassets in Resources */,
				A706280A26F85F090014F962 /* Assets.xcassets in Resources */,
			);
			runOnlyForDeploymentPostprocessing = 0;
		};
/* End PBXResourcesBuildPhase section */

/* Begin PBXShellScriptBuildPhase section */
		4B776D27690B6CA8E54A84D1 /* [CP] Check Pods Manifest.lock */ = {
			isa = PBXShellScriptBuildPhase;
			buildActionMask = 2147483647;
			files = (
			);
			inputFileListPaths = (
			);
			inputPaths = (
				"${PODS_PODFILE_DIR_PATH}/Podfile.lock",
				"${PODS_ROOT}/Manifest.lock",
			);
			name = "[CP] Check Pods Manifest.lock";
			outputFileListPaths = (
			);
			outputPaths = (
				"$(DERIVED_FILE_DIR)/Pods-ConcentricOnboardingExample-checkManifestLockResult.txt",
			);
			runOnlyForDeploymentPostprocessing = 0;
			shellPath = /bin/sh;
			shellScript = "diff \"${PODS_PODFILE_DIR_PATH}/Podfile.lock\" \"${PODS_ROOT}/Manifest.lock\" > /dev/null\nif [ $? != 0 ] ; then\n    # print error to STDERR\n    echo \"error: The sandbox is not in sync with the Podfile.lock. Run 'pod install' or update your CocoaPods installation.\" >&2\n    exit 1\nfi\n# This output is used by Xcode 'outputs' to avoid re-running this script phase.\necho \"SUCCESS\" > \"${SCRIPT_OUTPUT_FILE_0}\"\n";
			showEnvVarsInLog = 0;
		};
		9A3C71D92C5921142552570F /* [CP] Embed Pods Frameworks */ = {
			isa = PBXShellScriptBuildPhase;
			buildActionMask = 2147483647;
			files = (
			);
			inputFileListPaths = (
				"${PODS_ROOT}/Target Support Files/Pods-ConcentricOnboardingExample/Pods-ConcentricOnboardingExample-frameworks-${CONFIGURATION}-input-files.xcfilelist",
			);
			name = "[CP] Embed Pods Frameworks";
			outputFileListPaths = (
				"${PODS_ROOT}/Target Support Files/Pods-ConcentricOnboardingExample/Pods-ConcentricOnboardingExample-frameworks-${CONFIGURATION}-output-files.xcfilelist",
			);
			runOnlyForDeploymentPostprocessing = 0;
			shellPath = /bin/sh;
			shellScript = "\"${PODS_ROOT}/Target Support Files/Pods-ConcentricOnboardingExample/Pods-ConcentricOnboardingExample-frameworks.sh\"\n";
			showEnvVarsInLog = 0;
		};
/* End PBXShellScriptBuildPhase section */

/* Begin PBXSourcesBuildPhase section */
		A70627FE26F85F080014F962 /* Sources */ = {
			isa = PBXSourcesBuildPhase;
			buildActionMask = 2147483647;
			files = (
				A706280826F85F080014F962 /* ContentView.swift in Sources */,
				A706281726F860360014F962 /* MockData.swift in Sources */,
				A706281526F85FE60014F962 /* PageView.swift in Sources */,
				A706280626F85F080014F962 /* ConcentricOnboardingExampleApp.swift in Sources */,
			);
			runOnlyForDeploymentPostprocessing = 0;
		};
/* End PBXSourcesBuildPhase section */

/* Begin XCBuildConfiguration section */
		A706280F26F85F090014F962 /* Debug */ = {
			isa = XCBuildConfiguration;
			buildSettings = {
				ALWAYS_SEARCH_USER_PATHS = NO;
				CLANG_ANALYZER_NONNULL = YES;
				CLANG_ANALYZER_NUMBER_OBJECT_CONVERSION = YES_AGGRESSIVE;
				CLANG_CXX_LANGUAGE_STANDARD = "gnu++14";
				CLANG_CXX_LIBRARY = "libc++";
				CLANG_ENABLE_MODULES = YES;
				CLANG_ENABLE_OBJC_ARC = YES;
				CLANG_ENABLE_OBJC_WEAK = YES;
				CLANG_WARN_BLOCK_CAPTURE_AUTORELEASING = YES;
				CLANG_WARN_BOOL_CONVERSION = YES;
				CLANG_WARN_COMMA = YES;
				CLANG_WARN_CONSTANT_CONVERSION = YES;
				CLANG_WARN_DEPRECATED_OBJC_IMPLEMENTATIONS = YES;
				CLANG_WARN_DIRECT_OBJC_ISA_USAGE = YES_ERROR;
				CLANG_WARN_DOCUMENTATION_COMMENTS = YES;
				CLANG_WARN_EMPTY_BODY = YES;
				CLANG_WARN_ENUM_CONVERSION = YES;
				CLANG_WARN_INFINITE_RECURSION = YES;
				CLANG_WARN_INT_CONVERSION = YES;
				CLANG_WARN_NON_LITERAL_NULL_CONVERSION = YES;
				CLANG_WARN_OBJC_IMPLICIT_RETAIN_SELF = YES;
				CLANG_WARN_OBJC_LITERAL_CONVERSION = YES;
				CLANG_WARN_OBJC_ROOT_CLASS = YES_ERROR;
				CLANG_WARN_QUOTED_INCLUDE_IN_FRAMEWORK_HEADER = YES;
				CLANG_WARN_RANGE_LOOP_ANALYSIS = YES;
				CLANG_WARN_STRICT_PROTOTYPES = YES;
				CLANG_WARN_SUSPICIOUS_MOVE = YES;
				CLANG_WARN_UNGUARDED_AVAILABILITY = YES_AGGRESSIVE;
				CLANG_WARN_UNREACHABLE_CODE = YES;
				CLANG_WARN__DUPLICATE_METHOD_MATCH = YES;
				COPY_PHASE_STRIP = NO;
				DEBUG_INFORMATION_FORMAT = dwarf;
				ENABLE_STRICT_OBJC_MSGSEND = YES;
				ENABLE_TESTABILITY = YES;
				GCC_C_LANGUAGE_STANDARD = gnu11;
				GCC_DYNAMIC_NO_PIC = NO;
				GCC_NO_COMMON_BLOCKS = YES;
				GCC_OPTIMIZATION_LEVEL = 0;
				GCC_PREPROCESSOR_DEFINITIONS = (
					"DEBUG=1",
					"$(inherited)",
				);
				GCC_WARN_64_TO_32_BIT_CONVERSION = YES;
				GCC_WARN_ABOUT_RETURN_TYPE = YES_ERROR;
				GCC_WARN_UNDECLARED_SELECTOR = YES;
				GCC_WARN_UNINITIALIZED_AUTOS = YES_AGGRESSIVE;
				GCC_WARN_UNUSED_FUNCTION = YES;
				GCC_WARN_UNUSED_VARIABLE = YES;
				IPHONEOS_DEPLOYMENT_TARGET = 14.0;
				MTL_ENABLE_DEBUG_INFO = INCLUDE_SOURCE;
				MTL_FAST_MATH = YES;
				ONLY_ACTIVE_ARCH = YES;
				SDKROOT = iphoneos;
				SWIFT_ACTIVE_COMPILATION_CONDITIONS = DEBUG;
				SWIFT_OPTIMIZATION_LEVEL = "-Onone";
			};
			name = Debug;
		};
		A706281026F85F090014F962 /* Release */ = {
			isa = XCBuildConfiguration;
			buildSettings = {
				ALWAYS_SEARCH_USER_PATHS = NO;
				CLANG_ANALYZER_NONNULL = YES;
				CLANG_ANALYZER_NUMBER_OBJECT_CONVERSION = YES_AGGRESSIVE;
				CLANG_CXX_LANGUAGE_STANDARD = "gnu++14";
				CLANG_CXX_LIBRARY = "libc++";
				CLANG_ENABLE_MODULES = YES;
				CLANG_ENABLE_OBJC_ARC = YES;
				CLANG_ENABLE_OBJC_WEAK = YES;
				CLANG_WARN_BLOCK_CAPTURE_AUTORELEASING = YES;
				CLANG_WARN_BOOL_CONVERSION = YES;
				CLANG_WARN_COMMA = YES;
				CLANG_WARN_CONSTANT_CONVERSION = YES;
				CLANG_WARN_DEPRECATED_OBJC_IMPLEMENTATIONS = YES;
				CLANG_WARN_DIRECT_OBJC_ISA_USAGE = YES_ERROR;
				CLANG_WARN_DOCUMENTATION_COMMENTS = YES;
				CLANG_WARN_EMPTY_BODY = YES;
				CLANG_WARN_ENUM_CONVERSION = YES;
				CLANG_WARN_INFINITE_RECURSION = YES;
				CLANG_WARN_INT_CONVERSION = YES;
				CLANG_WARN_NON_LITERAL_NULL_CONVERSION = YES;
				CLANG_WARN_OBJC_IMPLICIT_RETAIN_SELF = YES;
				CLANG_WARN_OBJC_LITERAL_CONVERSION = YES;
				CLANG_WARN_OBJC_ROOT_CLASS = YES_ERROR;
				CLANG_WARN_QUOTED_INCLUDE_IN_FRAMEWORK_HEADER = YES;
				CLANG_WARN_RANGE_LOOP_ANALYSIS = YES;
				CLANG_WARN_STRICT_PROTOTYPES = YES;
				CLANG_WARN_SUSPICIOUS_MOVE = YES;
				CLANG_WARN_UNGUARDED_AVAILABILITY = YES_AGGRESSIVE;
				CLANG_WARN_UNREACHABLE_CODE = YES;
				CLANG_WARN__DUPLICATE_METHOD_MATCH = YES;
				COPY_PHASE_STRIP = NO;
				DEBUG_INFORMATION_FORMAT = "dwarf-with-dsym";
				ENABLE_NS_ASSERTIONS = NO;
				ENABLE_STRICT_OBJC_MSGSEND = YES;
				GCC_C_LANGUAGE_STANDARD = gnu11;
				GCC_NO_COMMON_BLOCKS = YES;
				GCC_WARN_64_TO_32_BIT_CONVERSION = YES;
				GCC_WARN_ABOUT_RETURN_TYPE = YES_ERROR;
				GCC_WARN_UNDECLARED_SELECTOR = YES;
				GCC_WARN_UNINITIALIZED_AUTOS = YES_AGGRESSIVE;
				GCC_WARN_UNUSED_FUNCTION = YES;
				GCC_WARN_UNUSED_VARIABLE = YES;
				IPHONEOS_DEPLOYMENT_TARGET = 14.0;
				MTL_ENABLE_DEBUG_INFO = NO;
				MTL_FAST_MATH = YES;
				SDKROOT = iphoneos;
				SWIFT_COMPILATION_MODE = wholemodule;
				SWIFT_OPTIMIZATION_LEVEL = "-O";
				VALIDATE_PRODUCT = YES;
			};
			name = Release;
		};
		A706281226F85F090014F962 /* Debug */ = {
			isa = XCBuildConfiguration;
			baseConfigurationReference = 23A20BC336EBE9FDB1410908 /* Pods-ConcentricOnboardingExample.debug.xcconfig */;
			buildSettings = {
				ASSETCATALOG_COMPILER_APPICON_NAME = AppIcon;
				ASSETCATALOG_COMPILER_GLOBAL_ACCENT_COLOR_NAME = AccentColor;
				CODE_SIGN_STYLE = Automatic;
				DEVELOPMENT_ASSET_PATHS = "\"ConcentricOnboardingExample/Preview Content\"";
				DEVELOPMENT_TEAM = FZXCM5CJ7P;
				ENABLE_PREVIEWS = YES;
				INFOPLIST_FILE = ConcentricOnboardingExample/Info.plist;
				IPHONEOS_DEPLOYMENT_TARGET = 14.0;
				LD_RUNPATH_SEARCH_PATHS = (
					"$(inherited)",
					"@executable_path/Frameworks",
				);
				PRODUCT_BUNDLE_IDENTIFIER = com.exyte.ConcentricOnboardingExample;
				PRODUCT_NAME = "$(TARGET_NAME)";
				SWIFT_VERSION = 5.0;
				TARGETED_DEVICE_FAMILY = "1,2";
			};
			name = Debug;
		};
		A706281326F85F090014F962 /* Release */ = {
			isa = XCBuildConfiguration;
			baseConfigurationReference = 421A63677FBF2DFAE8DF99B5 /* Pods-ConcentricOnboardingExample.release.xcconfig */;
			buildSettings = {
				ASSETCATALOG_COMPILER_APPICON_NAME = AppIcon;
				ASSETCATALOG_COMPILER_GLOBAL_ACCENT_COLOR_NAME = AccentColor;
				CODE_SIGN_STYLE = Automatic;
				DEVELOPMENT_ASSET_PATHS = "\"ConcentricOnboardingExample/Preview Content\"";
				DEVELOPMENT_TEAM = FZXCM5CJ7P;
				ENABLE_PREVIEWS = YES;
				INFOPLIST_FILE = ConcentricOnboardingExample/Info.plist;
				IPHONEOS_DEPLOYMENT_TARGET = 14.0;
				LD_RUNPATH_SEARCH_PATHS = (
					"$(inherited)",
					"@executable_path/Frameworks",
				);
				PRODUCT_BUNDLE_IDENTIFIER = com.exyte.ConcentricOnboardingExample;
				PRODUCT_NAME = "$(TARGET_NAME)";
				SWIFT_VERSION = 5.0;
				TARGETED_DEVICE_FAMILY = "1,2";
			};
			name = Release;
		};
/* End XCBuildConfiguration section */

/* Begin XCConfigurationList section */
		A70627FD26F85F080014F962 /* Build configuration list for PBXProject "ConcentricOnboardingExample" */ = {
			isa = XCConfigurationList;
			buildConfigurations = (
				A706280F26F85F090014F962 /* Debug */,
				A706281026F85F090014F962 /* Release */,
			);
			defaultConfigurationIsVisible = 0;
			defaultConfigurationName = Release;
		};
		A706281126F85F090014F962 /* Build configuration list for PBXNativeTarget "ConcentricOnboardingExample" */ = {
			isa = XCConfigurationList;
			buildConfigurations = (
				A706281226F85F090014F962 /* Debug */,
				A706281326F85F090014F962 /* Release */,
			);
			defaultConfigurationIsVisible = 0;
			defaultConfigurationName = Release;
		};
/* End XCConfigurationList section */
	};
	rootObject = A70627FA26F85F080014F962 /* Project object */;
}
