// !$*UTF8*$!
{
	archiveVersion = 1;
	classes = {
	};
	objectVersion = 51;
	objects = {

/* Begin PBXBuildFile section */
		5B7DF2ED23168A8700C30829 /* AppDelegate.swift in Sources */ = {isa = PBXBuildFile; fileRef = 5B7DF2EC23168A8700C30829 /* AppDelegate.swift */; };
		5B7DF2EF23168A8700C30829 /* SceneDelegate.swift in Sources */ = {isa = PBXBuildFile; fileRef = 5B7DF2EE23168A8700C30829 /* SceneDelegate.swift */; };
		5B7DF2F123168A8700C30829 /* ContentView.swift in Sources */ = {isa = PBXBuildFile; fileRef = 5B7DF2F023168A8700C30829 /* ContentView.swift */; };
		5B7DF2F323168A8A00C30829 /* Assets.xcassets in Resources */ = {isa = PBXBuildFile; fileRef = 5B7DF2F223168A8A00C30829 /* Assets.xcassets */; };
		5B7DF2F623168A8A00C30829 /* Preview Assets.xcassets in Resources */ = {isa = PBXBuildFile; fileRef = 5B7DF2F523168A8A00C30829 /* Preview Assets.xcassets */; };
		5B7DF2F923168A8A00C30829 /* LaunchScreen.storyboard in Resources */ = {isa = PBXBuildFile; fileRef = 5B7DF2F723168A8A00C30829 /* LaunchScreen.storyboard */; };
		5B7DF30123168AD000C30829 /* Utils.swift in Sources */ = {isa = PBXBuildFile; fileRef = 5B7DF30023168AD000C30829 /* Utils.swift */; };
		6790C42811348B2669C75A51 /* Pods_ConcentricOnboardingExample.framework in Frameworks */ = {isa = PBXBuildFile; fileRef = 97C2F02D3A2C31017D9DE5C3 /* Pods_ConcentricOnboardingExample.framework */; };
/* End PBXBuildFile section */

/* Begin PBXFileReference section */
		5B7DF2E923168A8700C30829 /* ConcentricOnboardingExample.app */ = {isa = PBXFileReference; explicitFileType = wrapper.application; includeInIndex = 0; path = ConcentricOnboardingExample.app; sourceTree = BUILT_PRODUCTS_DIR; };
		5B7DF2EC23168A8700C30829 /* AppDelegate.swift */ = {isa = PBXFileReference; lastKnownFileType = sourcecode.swift; path = AppDelegate.swift; sourceTree = "<group>"; };
		5B7DF2EE23168A8700C30829 /* SceneDelegate.swift */ = {isa = PBXFileReference; lastKnownFileType = sourcecode.swift; path = SceneDelegate.swift; sourceTree = "<group>"; };
		5B7DF2F023168A8700C30829 /* ContentView.swift */ = {isa = PBXFileReference; lastKnownFileType = sourcecode.swift; path = ContentView.swift; sourceTree = "<group>"; };
		5B7DF2F223168A8A00C30829 /* Assets.xcassets */ = {isa = PBXFileReference; lastKnownFileType = folder.assetcatalog; path = Assets.xcassets; sourceTree = "<group>"; };
		5B7DF2F523168A8A00C30829 /* Preview Assets.xcassets */ = {isa = PBXFileReference; lastKnownFileType = folder.assetcatalog; path = "Preview Assets.xcassets"; sourceTree = "<group>"; };
		5B7DF2F823168A8A00C30829 /* Base */ = {isa = PBXFileReference; lastKnownFileType = file.storyboard; name = Base; path = Base.lproj/LaunchScreen.storyboard; sourceTree = "<group>"; };
		5B7DF2FA23168A8A00C30829 /* Info.plist */ = {isa = PBXFileReference; lastKnownFileType = text.plist.xml; path = Info.plist; sourceTree = "<group>"; };
		5B7DF30023168AD000C30829 /* Utils.swift */ = {isa = PBXFileReference; fileEncoding = 4; lastKnownFileType = sourcecode.swift; path = Utils.swift; sourceTree = "<group>"; };
		6836E33465428CE6BD5C1002 /* Pods-ConcentricOnboardingExample.release.xcconfig */ = {isa = PBXFileReference; includeInIndex = 1; lastKnownFileType = text.xcconfig; name = "Pods-ConcentricOnboardingExample.release.xcconfig"; path = "Target Support Files/Pods-ConcentricOnboardingExample/Pods-ConcentricOnboardingExample.release.xcconfig"; sourceTree = "<group>"; };
		97C2F02D3A2C31017D9DE5C3 /* Pods_ConcentricOnboardingExample.framework */ = {isa = PBXFileReference; explicitFileType = wrapper.framework; includeInIndex = 0; path = Pods_ConcentricOnboardingExample.framework; sourceTree = BUILT_PRODUCTS_DIR; };
		A5E6AF09FCE768543BE8CABA /* Pods-ConcentricOnboardingExample.debug.xcconfig */ = {isa = PBXFileReference; includeInIndex = 1; lastKnownFileType = text.xcconfig; name = "Pods-ConcentricOnboardingExample.debug.xcconfig"; path = "Target Support Files/Pods-ConcentricOnboardingExample/Pods-ConcentricOnboardingExample.debug.xcconfig"; sourceTree = "<group>"; };
/* End PBXFileReference section */

/* Begin PBXFrameworksBuildPhase section */
		5B7DF2E623168A8700C30829 /* Frameworks */ = {
			isa = PBXFrameworksBuildPhase;
			buildActionMask = 2147483647;
			files = (
				6790C42811348B2669C75A51 /* Pods_ConcentricOnboardingExample.framework in Frameworks */,
			);
			runOnlyForDeploymentPostprocessing = 0;
		};
/* End PBXFrameworksBuildPhase section */

/* Begin PBXGroup section */
		5B7DF2E023168A8700C30829 = {
			isa = PBXGroup;
			children = (
				5B7DF2EB23168A8700C30829 /* ConcentricOnboardingExample */,
				5B7DF2EA23168A8700C30829 /* Products */,
				6DD631CD63CD5EADD7CA811B /* Pods */,
				9D4395193C689FF21247143E /* Frameworks */,
			);
			sourceTree = "<group>";
		};
		5B7DF2EA23168A8700C30829 /* Products */ = {
			isa = PBXGroup;
			children = (
				5B7DF2E923168A8700C30829 /* ConcentricOnboardingExample.app */,
			);
			name = Products;
			sourceTree = "<group>";
		};
		5B7DF2EB23168A8700C30829 /* ConcentricOnboardingExample */ = {
			isa = PBXGroup;
			children = (
				5B7DF2EC23168A8700C30829 /* AppDelegate.swift */,
				5B7DF2EE23168A8700C30829 /* SceneDelegate.swift */,
				5B7DF2F023168A8700C30829 /* ContentView.swift */,
				5B7DF30023168AD000C30829 /* Utils.swift */,
				5B7DF2F223168A8A00C30829 /* Assets.xcassets */,
				5B7DF2F723168A8A00C30829 /* LaunchScreen.storyboard */,
				5B7DF2FA23168A8A00C30829 /* Info.plist */,
				5B7DF2F423168A8A00C30829 /* Preview Content */,
			);
			path = ConcentricOnboardingExample;
			sourceTree = "<group>";
		};
		5B7DF2F423168A8A00C30829 /* Preview Content */ = {
			isa = PBXGroup;
			children = (
				5B7DF2F523168A8A00C30829 /* Preview Assets.xcassets */,
			);
			path = "Preview Content";
			sourceTree = "<group>";
		};
		6DD631CD63CD5EADD7CA811B /* Pods */ = {
			isa = PBXGroup;
			children = (
				A5E6AF09FCE768543BE8CABA /* Pods-ConcentricOnboardingExample.debug.xcconfig */,
				6836E33465428CE6BD5C1002 /* Pods-ConcentricOnboardingExample.release.xcconfig */,
			);
			path = Pods;
			sourceTree = "<group>";
		};
		9D4395193C689FF21247143E /* Frameworks */ = {
			isa = PBXGroup;
			children = (
				97C2F02D3A2C31017D9DE5C3 /* Pods_ConcentricOnboardingExample.framework */,
			);
			name = Frameworks;
			sourceTree = "<group>";
		};
/* End PBXGroup section */

/* Begin PBXNativeTarget section */
		5B7DF2E823168A8700C30829 /* ConcentricOnboardingExample */ = {
			isa = PBXNativeTarget;
			buildConfigurationList = 5B7DF2FD23168A8A00C30829 /* Build configuration list for PBXNativeTarget "ConcentricOnboardingExample" */;
			buildPhases = (
				03F1A9B39A1191A0062015C7 /* [CP] Check Pods Manifest.lock */,
				5B7DF2E523168A8700C30829 /* Sources */,
				5B7DF2E623168A8700C30829 /* Frameworks */,
				5B7DF2E723168A8700C30829 /* Resources */,
				C7A78E1C9C45DF8C56E7D1E4 /* [CP] Embed Pods Frameworks */,
			);
			buildRules = (
			);
			dependencies = (
			);
			name = ConcentricOnboardingExample;
			productName = ConcentricOnboardingExample;
			productReference = 5B7DF2E923168A8700C30829 /* ConcentricOnboardingExample.app */;
			productType = "com.apple.product-type.application";
		};
/* End PBXNativeTarget section */

/* Begin PBXProject section */
		5B7DF2E123168A8700C30829 /* Project object */ = {
			isa = PBXProject;
			attributes = {
				LastSwiftUpdateCheck = 1100;
				LastUpgradeCheck = 1100;
				ORGANIZATIONNAME = Exyte;
				TargetAttributes = {
					5B7DF2E823168A8700C30829 = {
						CreatedOnToolsVersion = 11.0;
					};
				};
			};
			buildConfigurationList = 5B7DF2E423168A8700C30829 /* Build configuration list for PBXProject "ConcentricOnboardingExample" */;
			compatibilityVersion = "Xcode 9.3";
			developmentRegion = en;
			hasScannedForEncodings = 0;
			knownRegions = (
				en,
				Base,
			);
			mainGroup = 5B7DF2E023168A8700C30829;
			productRefGroup = 5B7DF2EA23168A8700C30829 /* Products */;
			projectDirPath = "";
			projectRoot = "";
			targets = (
				5B7DF2E823168A8700C30829 /* ConcentricOnboardingExample */,
			);
		};
/* End PBXProject section */

/* Begin PBXResourcesBuildPhase section */
		5B7DF2E723168A8700C30829 /* Resources */ = {
			isa = PBXResourcesBuildPhase;
			buildActionMask = 2147483647;
			files = (
				5B7DF2F923168A8A00C30829 /* LaunchScreen.storyboard in Resources */,
				5B7DF2F623168A8A00C30829 /* Preview Assets.xcassets in Resources */,
				5B7DF2F323168A8A00C30829 /* Assets.xcassets in Resources */,
			);
			runOnlyForDeploymentPostprocessing = 0;
		};
/* End PBXResourcesBuildPhase section */

/* Begin PBXShellScriptBuildPhase section */
		03F1A9B39A1191A0062015C7 /* [CP] Check Pods Manifest.lock */ = {
			isa = PBXShellScriptBuildPhase;
			buildActionMask = 2147483647;
			files = (
			);
			inputFileListPaths = (
			);
			inputPaths = (
				"${PODS_PODFILE_DIR_PATH}/Podfile.lock",
				"${PODS_ROOT}/Manifest.lock",
			);
			name = "[CP] Check Pods Manifest.lock";
			outputFileListPaths = (
			);
			outputPaths = (
				"$(DERIVED_FILE_DIR)/Pods-ConcentricOnboardingExample-checkManifestLockResult.txt",
			);
			runOnlyForDeploymentPostprocessing = 0;
			shellPath = /bin/sh;
			shellScript = "diff \"${PODS_PODFILE_DIR_PATH}/Podfile.lock\" \"${PODS_ROOT}/Manifest.lock\" > /dev/null\nif [ $? != 0 ] ; then\n    # print error to STDERR\n    echo \"error: The sandbox is not in sync with the Podfile.lock. Run 'pod install' or update your CocoaPods installation.\" >&2\n    exit 1\nfi\n# This output is used by Xcode 'outputs' to avoid re-running this script phase.\necho \"SUCCESS\" > \"${SCRIPT_OUTPUT_FILE_0}\"\n";
			showEnvVarsInLog = 0;
		};
		C7A78E1C9C45DF8C56E7D1E4 /* [CP] Embed Pods Frameworks */ = {
			isa = PBXShellScriptBuildPhase;
			buildActionMask = 2147483647;
			files = (
			);
			inputFileListPaths = (
				"${PODS_ROOT}/Target Support Files/Pods-ConcentricOnboardingExample/Pods-ConcentricOnboardingExample-frameworks-${CONFIGURATION}-input-files.xcfilelist",
			);
			name = "[CP] Embed Pods Frameworks";
			outputFileListPaths = (
				"${PODS_ROOT}/Target Support Files/Pods-ConcentricOnboardingExample/Pods-ConcentricOnboardingExample-frameworks-${CONFIGURATION}-output-files.xcfilelist",
			);
			runOnlyForDeploymentPostprocessing = 0;
			shellPath = /bin/sh;
			shellScript = "\"${PODS_ROOT}/Target Support Files/Pods-ConcentricOnboardingExample/Pods-ConcentricOnboardingExample-frameworks.sh\"\n";
			showEnvVarsInLog = 0;
		};
/* End PBXShellScriptBuildPhase section */

/* Begin PBXSourcesBuildPhase section */
		5B7DF2E523168A8700C30829 /* Sources */ = {
			isa = PBXSourcesBuildPhase;
			buildActionMask = 2147483647;
			files = (
				5B7DF2ED23168A8700C30829 /* AppDelegate.swift in Sources */,
				5B7DF2EF23168A8700C30829 /* SceneDelegate.swift in Sources */,
				5B7DF2F123168A8700C30829 /* ContentView.swift in Sources */,
				5B7DF30123168AD000C30829 /* Utils.swift in Sources */,
			);
			runOnlyForDeploymentPostprocessing = 0;
		};
/* End PBXSourcesBuildPhase section */

/* Begin PBXVariantGroup section */
		5B7DF2F723168A8A00C30829 /* LaunchScreen.storyboard */ = {
			isa = PBXVariantGroup;
			children = (
				5B7DF2F823168A8A00C30829 /* Base */,
			);
			name = LaunchScreen.storyboard;
			sourceTree = "<group>";
		};
/* End PBXVariantGroup section */

/* Begin XCBuildConfiguration section */
		5B7DF2FB23168A8A00C30829 /* Debug */ = {
			isa = XCBuildConfiguration;
			buildSettings = {
				ALWAYS_SEARCH_USER_PATHS = NO;
				CLANG_ANALYZER_NONNULL = YES;
				CLANG_ANALYZER_NUMBER_OBJECT_CONVERSION = YES_AGGRESSIVE;
				CLANG_CXX_LANGUAGE_STANDARD = "gnu++14";
				CLANG_CXX_LIBRARY = "libc++";
				CLANG_ENABLE_MODULES = YES;
				CLANG_ENABLE_OBJC_ARC = YES;
				CLANG_ENABLE_OBJC_WEAK = YES;
				CLANG_WARN_BLOCK_CAPTURE_AUTORELEASING = YES;
				CLANG_WARN_BOOL_CONVERSION = YES;
				CLANG_WARN_COMMA = YES;
				CLANG_WARN_CONSTANT_CONVERSION = YES;
				CLANG_WARN_DEPRECATED_OBJC_IMPLEMENTATIONS = YES;
				CLANG_WARN_DIRECT_OBJC_ISA_USAGE = YES_ERROR;
				CLANG_WARN_DOCUMENTATION_COMMENTS = YES;
				CLANG_WARN_EMPTY_BODY = YES;
				CLANG_WARN_ENUM_CONVERSION = YES;
				CLANG_WARN_INFINITE_RECURSION = YES;
				CLANG_WARN_INT_CONVERSION = YES;
				CLANG_WARN_NON_LITERAL_NULL_CONVERSION = YES;
				CLANG_WARN_OBJC_IMPLICIT_RETAIN_SELF = YES;
				CLANG_WARN_OBJC_LITERAL_CONVERSION = YES;
				CLANG_WARN_OBJC_ROOT_CLASS = YES_ERROR;
				CLANG_WARN_RANGE_LOOP_ANALYSIS = YES;
				CLANG_WARN_STRICT_PROTOTYPES = YES;
				CLANG_WARN_SUSPICIOUS_MOVE = YES;
				CLANG_WARN_UNGUARDED_AVAILABILITY = YES_AGGRESSIVE;
				CLANG_WARN_UNREACHABLE_CODE = YES;
				CLANG_WARN__DUPLICATE_METHOD_MATCH = YES;
				COPY_PHASE_STRIP = NO;
				DEBUG_INFORMATION_FORMAT = dwarf;
				ENABLE_STRICT_OBJC_MSGSEND = YES;
				ENABLE_TESTABILITY = YES;
				GCC_C_LANGUAGE_STANDARD = gnu11;
				GCC_DYNAMIC_NO_PIC = NO;
				GCC_NO_COMMON_BLOCKS = YES;
				GCC_OPTIMIZATION_LEVEL = 0;
				GCC_PREPROCESSOR_DEFINITIONS = (
					"DEBUG=1",
					"$(inherited)",
				);
				GCC_WARN_64_TO_32_BIT_CONVERSION = YES;
				GCC_WARN_ABOUT_RETURN_TYPE = YES_ERROR;
				GCC_WARN_UNDECLARED_SELECTOR = YES;
				GCC_WARN_UNINITIALIZED_AUTOS = YES_AGGRESSIVE;
				GCC_WARN_UNUSED_FUNCTION = YES;
				GCC_WARN_UNUSED_VARIABLE = YES;
				IPHONEOS_DEPLOYMENT_TARGET = 13.0;
				MTL_ENABLE_DEBUG_INFO = INCLUDE_SOURCE;
				MTL_FAST_MATH = YES;
				ONLY_ACTIVE_ARCH = YES;
				SDKROOT = iphoneos;
				SWIFT_ACTIVE_COMPILATION_CONDITIONS = DEBUG;
				SWIFT_OPTIMIZATION_LEVEL = "-Onone";
			};
			name = Debug;
		};
		5B7DF2FC23168A8A00C30829 /* Release */ = {
			isa = XCBuildConfiguration;
			buildSettings = {
				ALWAYS_SEARCH_USER_PATHS = NO;
				CLANG_ANALYZER_NONNULL = YES;
				CLANG_ANALYZER_NUMBER_OBJECT_CONVERSION = YES_AGGRESSIVE;
				CLANG_CXX_LANGUAGE_STANDARD = "gnu++14";
				CLANG_CXX_LIBRARY = "libc++";
				CLANG_ENABLE_MODULES = YES;
				CLANG_ENABLE_OBJC_ARC = YES;
				CLANG_ENABLE_OBJC_WEAK = YES;
				CLANG_WARN_BLOCK_CAPTURE_AUTORELEASING = YES;
				CLANG_WARN_BOOL_CONVERSION = YES;
				CLANG_WARN_COMMA = YES;
				CLANG_WARN_CONSTANT_CONVERSION = YES;
				CLANG_WARN_DEPRECATED_OBJC_IMPLEMENTATIONS = YES;
				CLANG_WARN_DIRECT_OBJC_ISA_USAGE = YES_ERROR;
				CLANG_WARN_DOCUMENTATION_COMMENTS = YES;
				CLANG_WARN_EMPTY_BODY = YES;
				CLANG_WARN_ENUM_CONVERSION = YES;
				CLANG_WARN_INFINITE_RECURSION = YES;
				CLANG_WARN_INT_CONVERSION = YES;
				CLANG_WARN_NON_LITERAL_NULL_CONVERSION = YES;
				CLANG_WARN_OBJC_IMPLICIT_RETAIN_SELF = YES;
				CLANG_WARN_OBJC_LITERAL_CONVERSION = YES;
				CLANG_WARN_OBJC_ROOT_CLASS = YES_ERROR;
				CLANG_WARN_RANGE_LOOP_ANALYSIS = YES;
				CLANG_WARN_STRICT_PROTOTYPES = YES;
				CLANG_WARN_SUSPICIOUS_MOVE = YES;
				CLANG_WARN_UNGUARDED_AVAILABILITY = YES_AGGRESSIVE;
				CLANG_WARN_UNREACHABLE_CODE = YES;
				CLANG_WARN__DUPLICATE_METHOD_MATCH = YES;
				COPY_PHASE_STRIP = NO;
				DEBUG_INFORMATION_FORMAT = "dwarf-with-dsym";
				ENABLE_NS_ASSERTIONS = NO;
				ENABLE_STRICT_OBJC_MSGSEND = YES;
				GCC_C_LANGUAGE_STANDARD = gnu11;
				GCC_NO_COMMON_BLOCKS = YES;
				GCC_WARN_64_TO_32_BIT_CONVERSION = YES;
				GCC_WARN_ABOUT_RETURN_TYPE = YES_ERROR;
				GCC_WARN_UNDECLARED_SELECTOR = YES;
				GCC_WARN_UNINITIALIZED_AUTOS = YES_AGGRESSIVE;
				GCC_WARN_UNUSED_FUNCTION = YES;
				GCC_WARN_UNUSED_VARIABLE = YES;
				IPHONEOS_DEPLOYMENT_TARGET = 13.0;
				MTL_ENABLE_DEBUG_INFO = NO;
				MTL_FAST_MATH = YES;
				SDKROOT = iphoneos;
				SWIFT_COMPILATION_MODE = wholemodule;
				SWIFT_OPTIMIZATION_LEVEL = "-O";
				VALIDATE_PRODUCT = YES;
			};
			name = Release;
		};
		5B7DF2FE23168A8A00C30829 /* Debug */ = {
			isa = XCBuildConfiguration;
			baseConfigurationReference = A5E6AF09FCE768543BE8CABA /* Pods-ConcentricOnboardingExample.debug.xcconfig */;
			buildSettings = {
				ASSETCATALOG_COMPILER_APPICON_NAME = AppIcon;
				CODE_SIGN_STYLE = Automatic;
				DEVELOPMENT_ASSET_PATHS = "ConcentricOnboardingExample/Preview\\ Content";
				ENABLE_PREVIEWS = YES;
				INFOPLIST_FILE = ConcentricOnboardingExample/Info.plist;
				LD_RUNPATH_SEARCH_PATHS = (
					"$(inherited)",
					"@executable_path/Frameworks",
				);
				PRODUCT_BUNDLE_IDENTIFIER = exyte.ConcentricOnboardingExample;
				PRODUCT_NAME = "$(TARGET_NAME)";
				SWIFT_VERSION = 5.0;
				TARGETED_DEVICE_FAMILY = "1,2";
			};
			name = Debug;
		};
		5B7DF2FF23168A8A00C30829 /* Release */ = {
			isa = XCBuildConfiguration;
			baseConfigurationReference = 6836E33465428CE6BD5C1002 /* Pods-ConcentricOnboardingExample.release.xcconfig */;
			buildSettings = {
				ASSETCATALOG_COMPILER_APPICON_NAME = AppIcon;
				CODE_SIGN_STYLE = Automatic;
				DEVELOPMENT_ASSET_PATHS = "ConcentricOnboardingExample/Preview\\ Content";
				ENABLE_PREVIEWS = YES;
				INFOPLIST_FILE = ConcentricOnboardingExample/Info.plist;
				LD_RUNPATH_SEARCH_PATHS = (
					"$(inherited)",
					"@executable_path/Frameworks",
				);
				PRODUCT_BUNDLE_IDENTIFIER = exyte.ConcentricOnboardingExample;
				PRODUCT_NAME = "$(TARGET_NAME)";
				SWIFT_VERSION = 5.0;
				TARGETED_DEVICE_FAMILY = "1,2";
			};
			name = Release;
		};
/* End XCBuildConfiguration section */

/* Begin XCConfigurationList section */
		5B7DF2E423168A8700C30829 /* Build configuration list for PBXProject "ConcentricOnboardingExample" */ = {
			isa = XCConfigurationList;
			buildConfigurations = (
				5B7DF2FB23168A8A00C30829 /* Debug */,
				5B7DF2FC23168A8A00C30829 /* Release */,
			);
			defaultConfigurationIsVisible = 0;
			defaultConfigurationName = Release;
		};
		5B7DF2FD23168A8A00C30829 /* Build configuration list for PBXNativeTarget "ConcentricOnboardingExample" */ = {
			isa = XCConfigurationList;
			buildConfigurations = (
				5B7DF2FE23168A8A00C30829 /* Debug */,
				5B7DF2FF23168A8A00C30829 /* Release */,
			);
			defaultConfigurationIsVisible = 0;
			defaultConfigurationName = Release;
		};
/* End XCConfigurationList section */
	};
	rootObject = 5B7DF2E123168A8700C30829 /* Project object */;
}
